<?xml version="1.0" encoding="utf-8"?>
<Project ToolsVersion="16.0" xmlns="http://schemas.microsoft.com/developer/msbuild/2003">
  <ItemGroup>
    <ClCompile Include="C:\code\visual studio\GPUObjectsV6\Dependencies\marl-main\marl-main\src\debug.cpp">
      <Filter>Source Files</Filter>
    </ClCompile>
    <ClCompile Include="C:\code\visual studio\GPUObjectsV6\Dependencies\marl-main\marl-main\src\memory.cpp">
      <Filter>Source Files</Filter>
    </ClCompile>
    <ClCompile Include="C:\code\visual studio\GPUObjectsV6\Dependencies\marl-main\marl-main\src\scheduler.cpp">
      <Filter>Source Files</Filter>
    </ClCompile>
    <ClCompile Include="C:\code\visual studio\GPUObjectsV6\Dependencies\marl-main\marl-main\src\thread.cpp">
      <Filter>Source Files</Filter>
    </ClCompile>
    <ClCompile Include="C:\code\visual studio\GPUObjectsV6\Dependencies\marl-main\marl-main\src\trace.cpp">
      <Filter>Source Files</Filter>
    </ClCompile>
  </ItemGroup>
  <ItemGroup>
    <CustomBuild Include="C:\code\visual studio\GPUObjectsV6\Dependencies\marl-main\marl-main\CMakeLists.txt" />
  </ItemGroup>
  <ItemGroup>
    <Filter Include="Source Files">
      <UniqueIdentifier>{858E910C-4511-3DB9-BE7A-29A0062BF06F}</UniqueIdentifier>
    </Filter>
  </ItemGroup>
</Project>
