
Microsoft Visual Studio Solution File, Format Version 12.00
# Visual Studio Version 16
VisualStudioVersion = 16.0.30611.23
MinimumVisualStudioVersion = 10.0.40219.1
Project("{8BC9CEB8-8B4A-11D0-8D11-00A0C91BC942}") = "GPUObjectsV6", "GPUObjectsV6\GPUObjectsV6.vcxproj", "{7238A10C-0320-4379-AA1D-0EAB0850D009}"
EndProject
Project("{8BC9CEB8-8B4A-11D0-8D11-00A0C91BC942}") = "marl", "Dependencies\projects\marl-main\marl.vcxproj", "{2281A08B-848B-3A31-9085-658FCC9635A4}"
EndProject
Project("{8BC9CEB8-8B4A-11D0-8D11-00A0C91BC942}") = "SharedCode", "SharedCode\SharedCode.vcxproj", "{9E82EF6E-A201-48CA-9124-6E166B86B05E}"
EndProject
Project("{8BC9CEB8-8B4A-11D0-8D11-00A0C91BC942}") = "MeshGenerator", "MeshGenerator\MeshGenerator.vcxproj", "{13E868CB-E20B-4492-8EFA-1F20F04A6108}"
EndProject
Project("{8BC9CEB8-8B4A-11D0-8D11-00A0C91BC942}") = "GPUObjectsV6-UnitTests", "GPUObjectsV6-UnitTests\GPUObjectsV6-UnitTests.vcxproj", "{44AABCE7-4DE4-4A5A-AFA6-7E04D2F657A3}"
EndProject
Global
	GlobalSection(SolutionConfigurationPlatforms) = preSolution
		Debug|x64 = Debug|x64
		Debug|x86 = Debug|x86
		MinSizeRel|x64 = MinSizeRel|x64
		MinSizeRel|x86 = MinSizeRel|x86
		Release|x64 = Release|x64
		Release|x86 = Release|x86
		RelWithDebInfo|x64 = RelWithDebInfo|x64
		RelWithDebInfo|x86 = RelWithDebInfo|x86
	EndGlobalSection
	GlobalSection(ProjectConfigurationPlatforms) = postSolution
		{7238A10C-0320-4379-AA1D-0EAB0850D009}.Debug|x64.ActiveCfg = Debug|x64
		{7238A10C-0320-4379-AA1D-0EAB0850D009}.Debug|x64.Build.0 = Debug|x64
		{7238A10C-0320-4379-AA1D-0EAB0850D009}.Debug|x86.ActiveCfg = Debug|x64
		{7238A10C-0320-4379-AA1D-0EAB0850D009}.MinSizeRel|x64.ActiveCfg = Release|x64
		{7238A10C-0320-4379-AA1D-0EAB0850D009}.MinSizeRel|x64.Build.0 = Release|x64
		{7238A10C-0320-4379-AA1D-0EAB0850D009}.MinSizeRel|x86.ActiveCfg = Release|x64
		{7238A10C-0320-4379-AA1D-0EAB0850D009}.MinSizeRel|x86.Build.0 = Release|x64
		{7238A10C-0320-4379-AA1D-0EAB0850D009}.Release|x64.ActiveCfg = Release|x64
		{7238A10C-0320-4379-AA1D-0EAB0850D009}.Release|x64.Build.0 = Release|x64
		{7238A10C-0320-4379-AA1D-0EAB0850D009}.Release|x86.ActiveCfg = Release|x64
		{7238A10C-0320-4379-AA1D-0EAB0850D009}.RelWithDebInfo|x64.ActiveCfg = Release|x64
		{7238A10C-0320-4379-AA1D-0EAB0850D009}.RelWithDebInfo|x64.Build.0 = Release|x64
		{7238A10C-0320-4379-AA1D-0EAB0850D009}.RelWithDebInfo|x86.ActiveCfg = Release|x64
		{7238A10C-0320-4379-AA1D-0EAB0850D009}.RelWithDebInfo|x86.Build.0 = Release|x64
		{2281A08B-848B-3A31-9085-658FCC9635A4}.Debug|x64.ActiveCfg = Debug|x64
		{2281A08B-848B-3A31-9085-658FCC9635A4}.Debug|x64.Build.0 = Debug|x64
		{2281A08B-848B-3A31-9085-658FCC9635A4}.Debug|x86.ActiveCfg = Debug|x64
		{2281A08B-848B-3A31-9085-658FCC9635A4}.MinSizeRel|x64.ActiveCfg = MinSizeRel|x64
		{2281A08B-848B-3A31-9085-658FCC9635A4}.MinSizeRel|x64.Build.0 = MinSizeRel|x64
		{2281A08B-848B-3A31-9085-658FCC9635A4}.MinSizeRel|x86.ActiveCfg = MinSizeRel|x64
		{2281A08B-848B-3A31-9085-658FCC9635A4}.Release|x64.ActiveCfg = Release|x64
		{2281A08B-848B-3A31-9085-658FCC9635A4}.Release|x64.Build.0 = Release|x64
		{2281A08B-848B-3A31-9085-658FCC9635A4}.Release|x86.ActiveCfg = Release|x64
		{2281A08B-848B-3A31-9085-658FCC9635A4}.RelWithDebInfo|x64.ActiveCfg = RelWithDebInfo|x64
		{2281A08B-848B-3A31-9085-658FCC9635A4}.RelWithDebInfo|x64.Build.0 = RelWithDebInfo|x64
		{2281A08B-848B-3A31-9085-658FCC9635A4}.RelWithDebInfo|x86.ActiveCfg = RelWithDebInfo|x64
		{9E82EF6E-A201-48CA-9124-6E166B86B05E}.Debug|x64.ActiveCfg = Debug|x64
		{9E82EF6E-A201-48CA-9124-6E166B86B05E}.Debug|x64.Build.0 = Debug|x64
		{9E82EF6E-A201-48CA-9124-6E166B86B05E}.Debug|x86.ActiveCfg = Debug|x64
		{9E82EF6E-A201-48CA-9124-6E166B86B05E}.MinSizeRel|x64.ActiveCfg = Debug|x64
		{9E82EF6E-A201-48CA-9124-6E166B86B05E}.MinSizeRel|x64.Build.0 = Debug|x64
		{9E82EF6E-A201-48CA-9124-6E166B86B05E}.MinSizeRel|x86.ActiveCfg = Release|x64
		{9E82EF6E-A201-48CA-9124-6E166B86B05E}.MinSizeRel|x86.Build.0 = Release|x64
		{9E82EF6E-A201-48CA-9124-6E166B86B05E}.Release|x64.ActiveCfg = Release|x64
		{9E82EF6E-A201-48CA-9124-6E166B86B05E}.Release|x64.Build.0 = Release|x64
		{9E82EF6E-A201-48CA-9124-6E166B86B05E}.Release|x86.ActiveCfg = Release|x64
		{9E82EF6E-A201-48CA-9124-6E166B86B05E}.RelWithDebInfo|x64.ActiveCfg = Release|x64
		{9E82EF6E-A201-48CA-9124-6E166B86B05E}.RelWithDebInfo|x64.Build.0 = Release|x64
		{9E82EF6E-A201-48CA-9124-6E166B86B05E}.RelWithDebInfo|x86.ActiveCfg = Release|x64
		{9E82EF6E-A201-48CA-9124-6E166B86B05E}.RelWithDebInfo|x86.Build.0 = Release|x64
		{13E868CB-E20B-4492-8EFA-1F20F04A6108}.Debug|x64.ActiveCfg = Debug|x64
		{13E868CB-E20B-4492-8EFA-1F20F04A6108}.Debug|x64.Build.0 = Debug|x64
		{13E868CB-E20B-4492-8EFA-1F20F04A6108}.Debug|x86.ActiveCfg = Debug|x64
		{13E868CB-E20B-4492-8EFA-1F20F04A6108}.MinSizeRel|x64.ActiveCfg = Debug|x64
		{13E868CB-E20B-4492-8EFA-1F20F04A6108}.MinSizeRel|x64.Build.0 = Debug|x64
		{13E868CB-E20B-4492-8EFA-1F20F04A6108}.MinSizeRel|x86.ActiveCfg = Release|x64
		{13E868CB-E20B-4492-8EFA-1F20F04A6108}.MinSizeRel|x86.Build.0 = Release|x64
		{13E868CB-E20B-4492-8EFA-1F20F04A6108}.Release|x64.ActiveCfg = Release|x64
		{13E868CB-E20B-4492-8EFA-1F20F04A6108}.Release|x64.Build.0 = Release|x64
		{13E868CB-E20B-4492-8EFA-1F20F04A6108}.Release|x86.ActiveCfg = Release|x64
		{13E868CB-E20B-4492-8EFA-1F20F04A6108}.RelWithDebInfo|x64.ActiveCfg = Release|x64
		{13E868CB-E20B-4492-8EFA-1F20F04A6108}.RelWithDebInfo|x64.Build.0 = Release|x64
		{13E868CB-E20B-4492-8EFA-1F20F04A6108}.RelWithDebInfo|x86.ActiveCfg = Release|x64
		{13E868CB-E20B-4492-8EFA-1F20F04A6108}.RelWithDebInfo|x86.Build.0 = Release|x64
		{44AABCE7-4DE4-4A5A-AFA6-7E04D2F657A3}.Debug|x64.ActiveCfg = Debug|x64
		{44AABCE7-4DE4-4A5A-AFA6-7E04D2F657A3}.Debug|x64.Build.0 = Debug|x64
		{44AABCE7-4DE4-4A5A-AFA6-7E04D2F657A3}.Debug|x86.ActiveCfg = Debug|Win32
		{44AABCE7-4DE4-4A5A-AFA6-7E04D2F657A3}.Debug|x86.Build.0 = Debug|Win32
		{44AABCE7-4DE4-4A5A-AFA6-7E04D2F657A3}.MinSizeRel|x64.ActiveCfg = Debug|x64
		{44AABCE7-4DE4-4A5A-AFA6-7E04D2F657A3}.MinSizeRel|x64.Build.0 = Debug|x64
		{44AABCE7-4DE4-4A5A-AFA6-7E04D2F657A3}.MinSizeRel|x86.ActiveCfg = Debug|Win32
		{44AABCE7-4DE4-4A5A-AFA6-7E04D2F657A3}.MinSizeRel|x86.Build.0 = Debug|Win32
		{44AABCE7-4DE4-4A5A-AFA6-7E04D2F657A3}.Release|x64.ActiveCfg = Release|x64
		{44AABCE7-4DE4-4A5A-AFA6-7E04D2F657A3}.Release|x64.Build.0 = Release|x64
		{44AABCE7-4DE4-4A5A-AFA6-7E04D2F657A3}.Release|x86.ActiveCfg = Release|Win32
		{44AABCE7-4DE4-4A5A-AFA6-7E04D2F657A3}.Release|x86.Build.0 = Release|Win32
		{44AABCE7-4DE4-4A5A-AFA6-7E04D2F657A3}.RelWithDebInfo|x64.ActiveCfg = Release|x64
		{44AABCE7-4DE4-4A5A-AFA6-7E04D2F657A3}.RelWithDebInfo|x64.Build.0 = Release|x64
		{44AABCE7-4DE4-4A5A-AFA6-7E04D2F657A3}.RelWithDebInfo|x86.ActiveCfg = Release|Win32
		{44AABCE7-4DE4-4A5A-AFA6-7E04D2F657A3}.RelWithDebInfo|x86.Build.0 = Release|Win32
	EndGlobalSection
	GlobalSection(SolutionProperties) = preSolution
		HideSolutionNode = FALSE
	EndGlobalSection
	GlobalSection(ExtensibilityGlobals) = postSolution
		SolutionGuid = {03568992-C48D-4271-A265-2BB93DB7485F}
	EndGlobalSection
EndGlobal
