<?xml version="1.0" encoding="utf-8"?>
<Project ToolsVersion="16.0" xmlns="http://schemas.microsoft.com/developer/msbuild/2003">
  <ItemGroup>
    <CustomBuild Include="C:\Users\Mike\source\repos\GPUObjectsV6\Dependencies\projects\curl\CMakeFiles\8d7b16ad288647654d129af5cc2e04c3\INSTALL_force.rule">
      <Filter>CMake Rules</Filter>
    </CustomBuild>
  </ItemGroup>
  <ItemGroup>
    <Filter Include="CMake Rules">
      <UniqueIdentifier>{151100E8-65C9-37C4-858B-0EF770F3DF53}</UniqueIdentifier>
    </Filter>
  </ItemGroup>
</Project>
