
Microsoft Visual Studio Solution File, Format Version 12.00
# Visual Studio Version 16
Project("{8BC9CEB8-8B4A-11D0-8D11-00A0C91BC942}") = "ALL_BUILD", "ALL_BUILD.vcxproj", "{DDAF18A8-FBB3-3567-A8DB-8A38F8949B68}"
	ProjectSection(ProjectDependencies) = postProject
		{265F0DAB-E248-301C-8392-1C76EAB163F6} = {265F0DAB-E248-301C-8392-1C76EAB163F6}
		{A3758767-C008-332C-B30A-87184C13959F} = {A3758767-C008-332C-B30A-87184C13959F}
		{66717093-71D0-3A3E-97CF-391C2B7F28A7} = {66717093-71D0-3A3E-97CF-391C2B7F28A7}
		{F73E399B-5B35-3625-96C1-A6EFA40F2364} = {F73E399B-5B35-3625-96C1-A6EFA40F2364}
		{EB1F47C5-915D-37B8-9725-FBAAC640D329} = {EB1F47C5-915D-37B8-9725-FBAAC640D329}
		{F7297D61-B4EA-38DD-BD7C-B4A60AF13D6D} = {F7297D61-B4EA-38DD-BD7C-B4A60AF13D6D}
		{5FCF5A91-A16E-39DD-B6B3-43D3C5BD46F2} = {5FCF5A91-A16E-39DD-B6B3-43D3C5BD46F2}
		{0797EB81-EE5D-3792-A536-58F4B9FA236E} = {0797EB81-EE5D-3792-A536-58F4B9FA236E}
		{137C3431-7917-3D35-A9EE-55D151CB6348} = {137C3431-7917-3D35-A9EE-55D151CB6348}
		{955E1325-586A-3922-88C6-0C520FA72556} = {955E1325-586A-3922-88C6-0C520FA72556}
	EndProjectSection
EndProject
Project("{8BC9CEB8-8B4A-11D0-8D11-00A0C91BC942}") = "INSTALL", "INSTALL.vcxproj", "{4DE58BAE-9D14-3090-A1AF-253DD0180F0E}"
	ProjectSection(ProjectDependencies) = postProject
		{DDAF18A8-FBB3-3567-A8DB-8A38F8949B68} = {DDAF18A8-FBB3-3567-A8DB-8A38F8949B68}
		{265F0DAB-E248-301C-8392-1C76EAB163F6} = {265F0DAB-E248-301C-8392-1C76EAB163F6}
	EndProjectSection
EndProject
Project("{8BC9CEB8-8B4A-11D0-8D11-00A0C91BC942}") = "ZERO_CHECK", "ZERO_CHECK.vcxproj", "{265F0DAB-E248-301C-8392-1C76EAB163F6}"
	ProjectSection(ProjectDependencies) = postProject
	EndProjectSection
EndProject
Project("{8BC9CEB8-8B4A-11D0-8D11-00A0C91BC942}") = "dbfadd", "dbfadd.vcxproj", "{A3758767-C008-332C-B30A-87184C13959F}"
	ProjectSection(ProjectDependencies) = postProject
		{265F0DAB-E248-301C-8392-1C76EAB163F6} = {265F0DAB-E248-301C-8392-1C76EAB163F6}
		{EB1F47C5-915D-37B8-9725-FBAAC640D329} = {EB1F47C5-915D-37B8-9725-FBAAC640D329}
	EndProjectSection
EndProject
Project("{8BC9CEB8-8B4A-11D0-8D11-00A0C91BC942}") = "dbfcreate", "dbfcreate.vcxproj", "{66717093-71D0-3A3E-97CF-391C2B7F28A7}"
	ProjectSection(ProjectDependencies) = postProject
		{265F0DAB-E248-301C-8392-1C76EAB163F6} = {265F0DAB-E248-301C-8392-1C76EAB163F6}
		{EB1F47C5-915D-37B8-9725-FBAAC640D329} = {EB1F47C5-915D-37B8-9725-FBAAC640D329}
	EndProjectSection
EndProject
Project("{8BC9CEB8-8B4A-11D0-8D11-00A0C91BC942}") = "dbfdump", "dbfdump.vcxproj", "{F73E399B-5B35-3625-96C1-A6EFA40F2364}"
	ProjectSection(ProjectDependencies) = postProject
		{265F0DAB-E248-301C-8392-1C76EAB163F6} = {265F0DAB-E248-301C-8392-1C76EAB163F6}
		{EB1F47C5-915D-37B8-9725-FBAAC640D329} = {EB1F47C5-915D-37B8-9725-FBAAC640D329}
	EndProjectSection
EndProject
Project("{8BC9CEB8-8B4A-11D0-8D11-00A0C91BC942}") = "shp", "shp.vcxproj", "{EB1F47C5-915D-37B8-9725-FBAAC640D329}"
	ProjectSection(ProjectDependencies) = postProject
		{265F0DAB-E248-301C-8392-1C76EAB163F6} = {265F0DAB-E248-301C-8392-1C76EAB163F6}
	EndProjectSection
EndProject
Project("{8BC9CEB8-8B4A-11D0-8D11-00A0C91BC942}") = "shpadd", "shpadd.vcxproj", "{F7297D61-B4EA-38DD-BD7C-B4A60AF13D6D}"
	ProjectSection(ProjectDependencies) = postProject
		{265F0DAB-E248-301C-8392-1C76EAB163F6} = {265F0DAB-E248-301C-8392-1C76EAB163F6}
		{EB1F47C5-915D-37B8-9725-FBAAC640D329} = {EB1F47C5-915D-37B8-9725-FBAAC640D329}
	EndProjectSection
EndProject
Project("{8BC9CEB8-8B4A-11D0-8D11-00A0C91BC942}") = "shpcreate", "shpcreate.vcxproj", "{5FCF5A91-A16E-39DD-B6B3-43D3C5BD46F2}"
	ProjectSection(ProjectDependencies) = postProject
		{265F0DAB-E248-301C-8392-1C76EAB163F6} = {265F0DAB-E248-301C-8392-1C76EAB163F6}
		{EB1F47C5-915D-37B8-9725-FBAAC640D329} = {EB1F47C5-915D-37B8-9725-FBAAC640D329}
	EndProjectSection
EndProject
Project("{8BC9CEB8-8B4A-11D0-8D11-00A0C91BC942}") = "shpdump", "shpdump.vcxproj", "{0797EB81-EE5D-3792-A536-58F4B9FA236E}"
	ProjectSection(ProjectDependencies) = postProject
		{265F0DAB-E248-301C-8392-1C76EAB163F6} = {265F0DAB-E248-301C-8392-1C76EAB163F6}
		{EB1F47C5-915D-37B8-9725-FBAAC640D329} = {EB1F47C5-915D-37B8-9725-FBAAC640D329}
	EndProjectSection
EndProject
Project("{8BC9CEB8-8B4A-11D0-8D11-00A0C91BC942}") = "shprewind", "shprewind.vcxproj", "{137C3431-7917-3D35-A9EE-55D151CB6348}"
	ProjectSection(ProjectDependencies) = postProject
		{265F0DAB-E248-301C-8392-1C76EAB163F6} = {265F0DAB-E248-301C-8392-1C76EAB163F6}
		{EB1F47C5-915D-37B8-9725-FBAAC640D329} = {EB1F47C5-915D-37B8-9725-FBAAC640D329}
	EndProjectSection
EndProject
Project("{8BC9CEB8-8B4A-11D0-8D11-00A0C91BC942}") = "shptreedump", "shptreedump.vcxproj", "{955E1325-586A-3922-88C6-0C520FA72556}"
	ProjectSection(ProjectDependencies) = postProject
		{265F0DAB-E248-301C-8392-1C76EAB163F6} = {265F0DAB-E248-301C-8392-1C76EAB163F6}
		{EB1F47C5-915D-37B8-9725-FBAAC640D329} = {EB1F47C5-915D-37B8-9725-FBAAC640D329}
	EndProjectSection
EndProject
Global
	GlobalSection(SolutionConfigurationPlatforms) = preSolution
		Debug|x64 = Debug|x64
		Release|x64 = Release|x64
		MinSizeRel|x64 = MinSizeRel|x64
		RelWithDebInfo|x64 = RelWithDebInfo|x64
	EndGlobalSection
	GlobalSection(ProjectConfigurationPlatforms) = postSolution
		{DDAF18A8-FBB3-3567-A8DB-8A38F8949B68}.Debug|x64.ActiveCfg = Debug|x64
		{DDAF18A8-FBB3-3567-A8DB-8A38F8949B68}.Debug|x64.Build.0 = Debug|x64
		{DDAF18A8-FBB3-3567-A8DB-8A38F8949B68}.Release|x64.ActiveCfg = Release|x64
		{DDAF18A8-FBB3-3567-A8DB-8A38F8949B68}.Release|x64.Build.0 = Release|x64
		{DDAF18A8-FBB3-3567-A8DB-8A38F8949B68}.MinSizeRel|x64.ActiveCfg = MinSizeRel|x64
		{DDAF18A8-FBB3-3567-A8DB-8A38F8949B68}.MinSizeRel|x64.Build.0 = MinSizeRel|x64
		{DDAF18A8-FBB3-3567-A8DB-8A38F8949B68}.RelWithDebInfo|x64.ActiveCfg = RelWithDebInfo|x64
		{DDAF18A8-FBB3-3567-A8DB-8A38F8949B68}.RelWithDebInfo|x64.Build.0 = RelWithDebInfo|x64
		{4DE58BAE-9D14-3090-A1AF-253DD0180F0E}.Debug|x64.ActiveCfg = Debug|x64
		{4DE58BAE-9D14-3090-A1AF-253DD0180F0E}.Release|x64.ActiveCfg = Release|x64
		{4DE58BAE-9D14-3090-A1AF-253DD0180F0E}.MinSizeRel|x64.ActiveCfg = MinSizeRel|x64
		{4DE58BAE-9D14-3090-A1AF-253DD0180F0E}.RelWithDebInfo|x64.ActiveCfg = RelWithDebInfo|x64
		{265F0DAB-E248-301C-8392-1C76EAB163F6}.Debug|x64.ActiveCfg = Debug|x64
		{265F0DAB-E248-301C-8392-1C76EAB163F6}.Debug|x64.Build.0 = Debug|x64
		{265F0DAB-E248-301C-8392-1C76EAB163F6}.Release|x64.ActiveCfg = Release|x64
		{265F0DAB-E248-301C-8392-1C76EAB163F6}.Release|x64.Build.0 = Release|x64
		{265F0DAB-E248-301C-8392-1C76EAB163F6}.MinSizeRel|x64.ActiveCfg = MinSizeRel|x64
		{265F0DAB-E248-301C-8392-1C76EAB163F6}.MinSizeRel|x64.Build.0 = MinSizeRel|x64
		{265F0DAB-E248-301C-8392-1C76EAB163F6}.RelWithDebInfo|x64.ActiveCfg = RelWithDebInfo|x64
		{265F0DAB-E248-301C-8392-1C76EAB163F6}.RelWithDebInfo|x64.Build.0 = RelWithDebInfo|x64
		{A3758767-C008-332C-B30A-87184C13959F}.Debug|x64.ActiveCfg = Debug|x64
		{A3758767-C008-332C-B30A-87184C13959F}.Debug|x64.Build.0 = Debug|x64
		{A3758767-C008-332C-B30A-87184C13959F}.Release|x64.ActiveCfg = Release|x64
		{A3758767-C008-332C-B30A-87184C13959F}.Release|x64.Build.0 = Release|x64
		{A3758767-C008-332C-B30A-87184C13959F}.MinSizeRel|x64.ActiveCfg = MinSizeRel|x64
		{A3758767-C008-332C-B30A-87184C13959F}.MinSizeRel|x64.Build.0 = MinSizeRel|x64
		{A3758767-C008-332C-B30A-87184C13959F}.RelWithDebInfo|x64.ActiveCfg = RelWithDebInfo|x64
		{A3758767-C008-332C-B30A-87184C13959F}.RelWithDebInfo|x64.Build.0 = RelWithDebInfo|x64
		{66717093-71D0-3A3E-97CF-391C2B7F28A7}.Debug|x64.ActiveCfg = Debug|x64
		{66717093-71D0-3A3E-97CF-391C2B7F28A7}.Debug|x64.Build.0 = Debug|x64
		{66717093-71D0-3A3E-97CF-391C2B7F28A7}.Release|x64.ActiveCfg = Release|x64
		{66717093-71D0-3A3E-97CF-391C2B7F28A7}.Release|x64.Build.0 = Release|x64
		{66717093-71D0-3A3E-97CF-391C2B7F28A7}.MinSizeRel|x64.ActiveCfg = MinSizeRel|x64
		{66717093-71D0-3A3E-97CF-391C2B7F28A7}.MinSizeRel|x64.Build.0 = MinSizeRel|x64
		{66717093-71D0-3A3E-97CF-391C2B7F28A7}.RelWithDebInfo|x64.ActiveCfg = RelWithDebInfo|x64
		{66717093-71D0-3A3E-97CF-391C2B7F28A7}.RelWithDebInfo|x64.Build.0 = RelWithDebInfo|x64
		{F73E399B-5B35-3625-96C1-A6EFA40F2364}.Debug|x64.ActiveCfg = Debug|x64
		{F73E399B-5B35-3625-96C1-A6EFA40F2364}.Debug|x64.Build.0 = Debug|x64
		{F73E399B-5B35-3625-96C1-A6EFA40F2364}.Release|x64.ActiveCfg = Release|x64
		{F73E399B-5B35-3625-96C1-A6EFA40F2364}.Release|x64.Build.0 = Release|x64
		{F73E399B-5B35-3625-96C1-A6EFA40F2364}.MinSizeRel|x64.ActiveCfg = MinSizeRel|x64
		{F73E399B-5B35-3625-96C1-A6EFA40F2364}.MinSizeRel|x64.Build.0 = MinSizeRel|x64
		{F73E399B-5B35-3625-96C1-A6EFA40F2364}.RelWithDebInfo|x64.ActiveCfg = RelWithDebInfo|x64
		{F73E399B-5B35-3625-96C1-A6EFA40F2364}.RelWithDebInfo|x64.Build.0 = RelWithDebInfo|x64
		{EB1F47C5-915D-37B8-9725-FBAAC640D329}.Debug|x64.ActiveCfg = Debug|x64
		{EB1F47C5-915D-37B8-9725-FBAAC640D329}.Debug|x64.Build.0 = Debug|x64
		{EB1F47C5-915D-37B8-9725-FBAAC640D329}.Release|x64.ActiveCfg = Release|x64
		{EB1F47C5-915D-37B8-9725-FBAAC640D329}.Release|x64.Build.0 = Release|x64
		{EB1F47C5-915D-37B8-9725-FBAAC640D329}.MinSizeRel|x64.ActiveCfg = MinSizeRel|x64
		{EB1F47C5-915D-37B8-9725-FBAAC640D329}.MinSizeRel|x64.Build.0 = MinSizeRel|x64
		{EB1F47C5-915D-37B8-9725-FBAAC640D329}.RelWithDebInfo|x64.ActiveCfg = RelWithDebInfo|x64
		{EB1F47C5-915D-37B8-9725-FBAAC640D329}.RelWithDebInfo|x64.Build.0 = RelWithDebInfo|x64
		{F7297D61-B4EA-38DD-BD7C-B4A60AF13D6D}.Debug|x64.ActiveCfg = Debug|x64
		{F7297D61-B4EA-38DD-BD7C-B4A60AF13D6D}.Debug|x64.Build.0 = Debug|x64
		{F7297D61-B4EA-38DD-BD7C-B4A60AF13D6D}.Release|x64.ActiveCfg = Release|x64
		{F7297D61-B4EA-38DD-BD7C-B4A60AF13D6D}.Release|x64.Build.0 = Release|x64
		{F7297D61-B4EA-38DD-BD7C-B4A60AF13D6D}.MinSizeRel|x64.ActiveCfg = MinSizeRel|x64
		{F7297D61-B4EA-38DD-BD7C-B4A60AF13D6D}.MinSizeRel|x64.Build.0 = MinSizeRel|x64
		{F7297D61-B4EA-38DD-BD7C-B4A60AF13D6D}.RelWithDebInfo|x64.ActiveCfg = RelWithDebInfo|x64
		{F7297D61-B4EA-38DD-BD7C-B4A60AF13D6D}.RelWithDebInfo|x64.Build.0 = RelWithDebInfo|x64
		{5FCF5A91-A16E-39DD-B6B3-43D3C5BD46F2}.Debug|x64.ActiveCfg = Debug|x64
		{5FCF5A91-A16E-39DD-B6B3-43D3C5BD46F2}.Debug|x64.Build.0 = Debug|x64
		{5FCF5A91-A16E-39DD-B6B3-43D3C5BD46F2}.Release|x64.ActiveCfg = Release|x64
		{5FCF5A91-A16E-39DD-B6B3-43D3C5BD46F2}.Release|x64.Build.0 = Release|x64
		{5FCF5A91-A16E-39DD-B6B3-43D3C5BD46F2}.MinSizeRel|x64.ActiveCfg = MinSizeRel|x64
		{5FCF5A91-A16E-39DD-B6B3-43D3C5BD46F2}.MinSizeRel|x64.Build.0 = MinSizeRel|x64
		{5FCF5A91-A16E-39DD-B6B3-43D3C5BD46F2}.RelWithDebInfo|x64.ActiveCfg = RelWithDebInfo|x64
		{5FCF5A91-A16E-39DD-B6B3-43D3C5BD46F2}.RelWithDebInfo|x64.Build.0 = RelWithDebInfo|x64
		{0797EB81-EE5D-3792-A536-58F4B9FA236E}.Debug|x64.ActiveCfg = Debug|x64
		{0797EB81-EE5D-3792-A536-58F4B9FA236E}.Debug|x64.Build.0 = Debug|x64
		{0797EB81-EE5D-3792-A536-58F4B9FA236E}.Release|x64.ActiveCfg = Release|x64
		{0797EB81-EE5D-3792-A536-58F4B9FA236E}.Release|x64.Build.0 = Release|x64
		{0797EB81-EE5D-3792-A536-58F4B9FA236E}.MinSizeRel|x64.ActiveCfg = MinSizeRel|x64
		{0797EB81-EE5D-3792-A536-58F4B9FA236E}.MinSizeRel|x64.Build.0 = MinSizeRel|x64
		{0797EB81-EE5D-3792-A536-58F4B9FA236E}.RelWithDebInfo|x64.ActiveCfg = RelWithDebInfo|x64
		{0797EB81-EE5D-3792-A536-58F4B9FA236E}.RelWithDebInfo|x64.Build.0 = RelWithDebInfo|x64
		{137C3431-7917-3D35-A9EE-55D151CB6348}.Debug|x64.ActiveCfg = Debug|x64
		{137C3431-7917-3D35-A9EE-55D151CB6348}.Debug|x64.Build.0 = Debug|x64
		{137C3431-7917-3D35-A9EE-55D151CB6348}.Release|x64.ActiveCfg = Release|x64
		{137C3431-7917-3D35-A9EE-55D151CB6348}.Release|x64.Build.0 = Release|x64
		{137C3431-7917-3D35-A9EE-55D151CB6348}.MinSizeRel|x64.ActiveCfg = MinSizeRel|x64
		{137C3431-7917-3D35-A9EE-55D151CB6348}.MinSizeRel|x64.Build.0 = MinSizeRel|x64
		{137C3431-7917-3D35-A9EE-55D151CB6348}.RelWithDebInfo|x64.ActiveCfg = RelWithDebInfo|x64
		{137C3431-7917-3D35-A9EE-55D151CB6348}.RelWithDebInfo|x64.Build.0 = RelWithDebInfo|x64
		{955E1325-586A-3922-88C6-0C520FA72556}.Debug|x64.ActiveCfg = Debug|x64
		{955E1325-586A-3922-88C6-0C520FA72556}.Debug|x64.Build.0 = Debug|x64
		{955E1325-586A-3922-88C6-0C520FA72556}.Release|x64.ActiveCfg = Release|x64
		{955E1325-586A-3922-88C6-0C520FA72556}.Release|x64.Build.0 = Release|x64
		{955E1325-586A-3922-88C6-0C520FA72556}.MinSizeRel|x64.ActiveCfg = MinSizeRel|x64
		{955E1325-586A-3922-88C6-0C520FA72556}.MinSizeRel|x64.Build.0 = MinSizeRel|x64
		{955E1325-586A-3922-88C6-0C520FA72556}.RelWithDebInfo|x64.ActiveCfg = RelWithDebInfo|x64
		{955E1325-586A-3922-88C6-0C520FA72556}.RelWithDebInfo|x64.Build.0 = RelWithDebInfo|x64
	EndGlobalSection
	GlobalSection(ExtensibilityGlobals) = postSolution
		SolutionGuid = {5395FF22-CCCC-39BF-82F6-5A09A63F38A9}
	EndGlobalSection
	GlobalSection(ExtensibilityAddIns) = postSolution
	EndGlobalSection
EndGlobal
